
Microsoft Visual Studio Solution File, Format Version 12.00
# Visual Studio Version 17
VisualStudioVersion = 17.8.34309.116
MinimumVisualStudioVersion = 10.0.40219.1
Project("{FAE04EC0-301F-11D3-BF4B-00C04F79EFBC}") = "DeLijnApp", "DeLijnApp\DeLijnApp.csproj", "{EA48CD87-C7FD-4EB2-9969-D94923D8A537}"
EndProject
Global
	GlobalSection(SolutionConfigurationPlatforms) = preSolution
		Debug|Any CPU = Debug|Any CPU
		Release|Any CPU = Release|Any CPU
	EndGlobalSection
	GlobalSection(ProjectConfigurationPlatforms) = postSolution
		{EA48CD87-C7FD-4EB2-9969-D94923D8A537}.Debug|Any CPU.ActiveCfg = Debug|Any CPU
		{EA48CD87-C7FD-4EB2-9969-D94923D8A537}.Debug|Any CPU.Build.0 = Debug|Any CPU
		{EA48CD87-C7FD-4EB2-9969-D94923D8A537}.Release|Any CPU.ActiveCfg = Release|Any CPU
		{EA48CD87-C7FD-4EB2-9969-D94923D8A537}.Release|Any CPU.Build.0 = Release|Any CPU
	EndGlobalSection
	GlobalSection(SolutionProperties) = preSolution
		HideSolutionNode = FALSE
	EndGlobalSection
	GlobalSection(ExtensibilityGlobals) = postSolution
		SolutionGuid = {EE2D0C0A-792E-450A-8DB9-458A08D20932}
	EndGlobalSection
EndGlobal
